// !$*UTF8*$!
{
	archiveVersion = 1;
	classes = {
	};
	objectVersion = 48;
	objects = {

/* Begin PBXBuildFile section */
		9ECD13621FA900370048FD45 /* AppDelegate.swift in Sources */ = {isa = PBXBuildFile; fileRef = 9ECD13611FA900370048FD45 /* AppDelegate.swift */; };
		9ECD13641FA900370048FD45 /* HomeVC.swift in Sources */ = {isa = PBXBuildFile; fileRef = 9ECD13631FA900370048FD45 /* HomeVC.swift */; };
		9ECD13671FA900370048FD45 /* Main.storyboard in Resources */ = {isa = PBXBuildFile; fileRef = 9ECD13651FA900370048FD45 /* Main.storyboard */; };
		9ECD13691FA900370048FD45 /* Assets.xcassets in Resources */ = {isa = PBXBuildFile; fileRef = 9ECD13681FA900370048FD45 /* Assets.xcassets */; };
		9ECD136C1FA900380048FD45 /* LaunchScreen.storyboard in Resources */ = {isa = PBXBuildFile; fileRef = 9ECD136A1FA900380048FD45 /* LaunchScreen.storyboard */; };
		9ECD13761FA907BF0048FD45 /* InfoCell.swift in Sources */ = {isa = PBXBuildFile; fileRef = 9ECD13751FA907BF0048FD45 /* InfoCell.swift */; };
		9ECD13791FA907FA0048FD45 /* DataForCells.swift in Sources */ = {isa = PBXBuildFile; fileRef = 9ECD13781FA907FA0048FD45 /* DataForCells.swift */; };
		9ECD137F1FA90D940048FD45 /* Palette.swift in Sources */ = {isa = PBXBuildFile; fileRef = 9ECD137B1FA90D930048FD45 /* Palette.swift */; };
		9ECD13801FA90D940048FD45 /* UIViewShadowExtension.swift in Sources */ = {isa = PBXBuildFile; fileRef = 9ECD137D1FA90D940048FD45 /* UIViewShadowExtension.swift */; };
		9ECD13811FA90D940048FD45 /* TwicketSegmentedControl.swift in Sources */ = {isa = PBXBuildFile; fileRef = 9ECD137E1FA90D940048FD45 /* TwicketSegmentedControl.swift */; };
/* End PBXBuildFile section */

/* Begin PBXFileReference section */
		9ECD135E1FA900370048FD45 /* iOSLearningSourcesApp.app */ = {isa = PBXFileReference; explicitFileType = wrapper.application; includeInIndex = 0; path = iOSLearningSourcesApp.app; sourceTree = BUILT_PRODUCTS_DIR; };
		9ECD13611FA900370048FD45 /* AppDelegate.swift */ = {isa = PBXFileReference; lastKnownFileType = sourcecode.swift; path = AppDelegate.swift; sourceTree = "<group>"; };
		9ECD13631FA900370048FD45 /* HomeVC.swift */ = {isa = PBXFileReference; lastKnownFileType = sourcecode.swift; path = HomeVC.swift; sourceTree = "<group>"; };
		9ECD13661FA900370048FD45 /* Base */ = {isa = PBXFileReference; lastKnownFileType = file.storyboard; name = Base; path = Base.lproj/Main.storyboard; sourceTree = "<group>"; };
		9ECD13681FA900370048FD45 /* Assets.xcassets */ = {isa = PBXFileReference; lastKnownFileType = folder.assetcatalog; path = Assets.xcassets; sourceTree = "<group>"; };
		9ECD136B1FA900380048FD45 /* Base */ = {isa = PBXFileReference; lastKnownFileType = file.storyboard; name = Base; path = Base.lproj/LaunchScreen.storyboard; sourceTree = "<group>"; };
		9ECD136D1FA900380048FD45 /* Info.plist */ = {isa = PBXFileReference; lastKnownFileType = text.plist.xml; path = Info.plist; sourceTree = "<group>"; };
		9ECD13751FA907BF0048FD45 /* InfoCell.swift */ = {isa = PBXFileReference; lastKnownFileType = sourcecode.swift; path = InfoCell.swift; sourceTree = "<group>"; };
		9ECD13781FA907FA0048FD45 /* DataForCells.swift */ = {isa = PBXFileReference; lastKnownFileType = sourcecode.swift; path = DataForCells.swift; sourceTree = "<group>"; };
		9ECD137B1FA90D930048FD45 /* Palette.swift */ = {isa = PBXFileReference; fileEncoding = 4; lastKnownFileType = sourcecode.swift; path = Palette.swift; sourceTree = "<group>"; };
		9ECD137C1FA90D930048FD45 /* TwicketSegmentedControl.h */ = {isa = PBXFileReference; fileEncoding = 4; lastKnownFileType = sourcecode.c.h; path = TwicketSegmentedControl.h; sourceTree = "<group>"; };
		9ECD137D1FA90D940048FD45 /* UIViewShadowExtension.swift */ = {isa = PBXFileReference; fileEncoding = 4; lastKnownFileType = sourcecode.swift; path = UIViewShadowExtension.swift; sourceTree = "<group>"; };
		9ECD137E1FA90D940048FD45 /* TwicketSegmentedControl.swift */ = {isa = PBXFileReference; fileEncoding = 4; lastKnownFileType = sourcecode.swift; path = TwicketSegmentedControl.swift; sourceTree = "<group>"; };
/* End PBXFileReference section */

/* Begin PBXFrameworksBuildPhase section */
		9ECD135B1FA900370048FD45 /* Frameworks */ = {
			isa = PBXFrameworksBuildPhase;
			buildActionMask = 2147483647;
			files = (
			);
			runOnlyForDeploymentPostprocessing = 0;
		};
/* End PBXFrameworksBuildPhase section */

/* Begin PBXGroup section */
		9ECD13551FA900370048FD45 = {
			isa = PBXGroup;
			children = (
				9ECD13601FA900370048FD45 /* iOSLearningSourcesApp */,
				9ECD135F1FA900370048FD45 /* Products */,
			);
			sourceTree = "<group>";
		};
		9ECD135F1FA900370048FD45 /* Products */ = {
			isa = PBXGroup;
			children = (
				9ECD135E1FA900370048FD45 /* iOSLearningSourcesApp.app */,
			);
			name = Products;
			sourceTree = "<group>";
		};
		9ECD13601FA900370048FD45 /* iOSLearningSourcesApp */ = {
			isa = PBXGroup;
			children = (
				9ECD137A1FA90D710048FD45 /* Supporting Files */,
				9ECD13771FA907EB0048FD45 /* Database */,
				9ECD13741FA907760048FD45 /* View */,
				9ECD13731FA905CE0048FD45 /* Controllers */,
				9ECD13651FA900370048FD45 /* Main.storyboard */,
				9ECD13611FA900370048FD45 /* AppDelegate.swift */,
				9ECD13681FA900370048FD45 /* Assets.xcassets */,
				9ECD136A1FA900380048FD45 /* LaunchScreen.storyboard */,
				9ECD136D1FA900380048FD45 /* Info.plist */,
			);
			path = iOSLearningSourcesApp;
			sourceTree = "<group>";
		};
		9ECD13731FA905CE0048FD45 /* Controllers */ = {
			isa = PBXGroup;
			children = (
				9ECD13631FA900370048FD45 /* HomeVC.swift */,
			);
			path = Controllers;
			sourceTree = "<group>";
		};
		9ECD13741FA907760048FD45 /* View */ = {
			isa = PBXGroup;
			children = (
				9ECD13751FA907BF0048FD45 /* InfoCell.swift */,
			);
			path = View;
			sourceTree = "<group>";
		};
		9ECD13771FA907EB0048FD45 /* Database */ = {
			isa = PBXGroup;
			children = (
				9ECD13781FA907FA0048FD45 /* DataForCells.swift */,
			);
			path = Database;
			sourceTree = "<group>";
		};
		9ECD137A1FA90D710048FD45 /* Supporting Files */ = {
			isa = PBXGroup;
			children = (
				9ECD137B1FA90D930048FD45 /* Palette.swift */,
				9ECD137C1FA90D930048FD45 /* TwicketSegmentedControl.h */,
				9ECD137E1FA90D940048FD45 /* TwicketSegmentedControl.swift */,
				9ECD137D1FA90D940048FD45 /* UIViewShadowExtension.swift */,
			);
			path = "Supporting Files";
			sourceTree = "<group>";
		};
/* End PBXGroup section */

/* Begin PBXNativeTarget section */
		9ECD135D1FA900370048FD45 /* iOSLearningSourcesApp */ = {
			isa = PBXNativeTarget;
			buildConfigurationList = 9ECD13701FA900380048FD45 /* Build configuration list for PBXNativeTarget "iOSLearningSourcesApp" */;
			buildPhases = (
				9ECD135A1FA900370048FD45 /* Sources */,
				9ECD135B1FA900370048FD45 /* Frameworks */,
				9ECD135C1FA900370048FD45 /* Resources */,
			);
			buildRules = (
			);
			dependencies = (
			);
			name = iOSLearningSourcesApp;
			productName = iOSLearningSourcesApp;
			productReference = 9ECD135E1FA900370048FD45 /* iOSLearningSourcesApp.app */;
			productType = "com.apple.product-type.application";
		};
/* End PBXNativeTarget section */

/* Begin PBXProject section */
		9ECD13561FA900370048FD45 /* Project object */ = {
			isa = PBXProject;
			attributes = {
				LastSwiftUpdateCheck = 0900;
				LastUpgradeCheck = 0900;
				ORGANIZATIONNAME = kvkr;
				TargetAttributes = {
					9ECD135D1FA900370048FD45 = {
						CreatedOnToolsVersion = 9.0.1;
						ProvisioningStyle = Automatic;
					};
				};
			};
			buildConfigurationList = 9ECD13591FA900370048FD45 /* Build configuration list for PBXProject "iOSLearningSourcesApp" */;
			compatibilityVersion = "Xcode 8.0";
			developmentRegion = en;
			hasScannedForEncodings = 0;
			knownRegions = (
				en,
				Base,
			);
			mainGroup = 9ECD13551FA900370048FD45;
			productRefGroup = 9ECD135F1FA900370048FD45 /* Products */;
			projectDirPath = "";
			projectRoot = "";
			targets = (
				9ECD135D1FA900370048FD45 /* iOSLearningSourcesApp */,
			);
		};
/* End PBXProject section */

/* Begin PBXResourcesBuildPhase section */
		9ECD135C1FA900370048FD45 /* Resources */ = {
			isa = PBXResourcesBuildPhase;
			buildActionMask = 2147483647;
			files = (
				9ECD136C1FA900380048FD45 /* LaunchScreen.storyboard in Resources */,
				9ECD13691FA900370048FD45 /* Assets.xcassets in Resources */,
				9ECD13671FA900370048FD45 /* Main.storyboard in Resources */,
			);
			runOnlyForDeploymentPostprocessing = 0;
		};
/* End PBXResourcesBuildPhase section */

/* Begin PBXSourcesBuildPhase section */
		9ECD135A1FA900370048FD45 /* Sources */ = {
			isa = PBXSourcesBuildPhase;
			buildActionMask = 2147483647;
			files = (
				9ECD13801FA90D940048FD45 /* UIViewShadowExtension.swift in Sources */,
				9ECD13811FA90D940048FD45 /* TwicketSegmentedControl.swift in Sources */,
				9ECD13641FA900370048FD45 /* HomeVC.swift in Sources */,
				9ECD13791FA907FA0048FD45 /* DataForCells.swift in Sources */,
				9ECD137F1FA90D940048FD45 /* Palette.swift in Sources */,
				9ECD13621FA900370048FD45 /* AppDelegate.swift in Sources */,
				9ECD13761FA907BF0048FD45 /* InfoCell.swift in Sources */,
			);
			runOnlyForDeploymentPostprocessing = 0;
		};
/* End PBXSourcesBuildPhase section */

/* Begin PBXVariantGroup section */
		9ECD13651FA900370048FD45 /* Main.storyboard */ = {
			isa = PBXVariantGroup;
			children = (
				9ECD13661FA900370048FD45 /* Base */,
			);
			name = Main.storyboard;
			sourceTree = "<group>";
		};
		9ECD136A1FA900380048FD45 /* LaunchScreen.storyboard */ = {
			isa = PBXVariantGroup;
			children = (
				9ECD136B1FA900380048FD45 /* Base */,
			);
			name = LaunchScreen.storyboard;
			sourceTree = "<group>";
		};
/* End PBXVariantGroup section */

/* Begin XCBuildConfiguration section */
		9ECD136E1FA900380048FD45 /* Debug */ = {
			isa = XCBuildConfiguration;
			buildSettings = {
				ALWAYS_SEARCH_USER_PATHS = NO;
				CLANG_ANALYZER_NONNULL = YES;
				CLANG_ANALYZER_NUMBER_OBJECT_CONVERSION = YES_AGGRESSIVE;
				CLANG_CXX_LANGUAGE_STANDARD = "gnu++14";
				CLANG_CXX_LIBRARY = "libc++";
				CLANG_ENABLE_MODULES = YES;
				CLANG_ENABLE_OBJC_ARC = YES;
				CLANG_WARN_BLOCK_CAPTURE_AUTORELEASING = YES;
				CLANG_WARN_BOOL_CONVERSION = YES;
				CLANG_WARN_COMMA = YES;
				CLANG_WARN_CONSTANT_CONVERSION = YES;
				CLANG_WARN_DIRECT_OBJC_ISA_USAGE = YES_ERROR;
				CLANG_WARN_DOCUMENTATION_COMMENTS = YES;
				CLANG_WARN_EMPTY_BODY = YES;
				CLANG_WARN_ENUM_CONVERSION = YES;
				CLANG_WARN_INFINITE_RECURSION = YES;
				CLANG_WARN_INT_CONVERSION = YES;
				CLANG_WARN_NON_LITERAL_NULL_CONVERSION = YES;
				CLANG_WARN_OBJC_LITERAL_CONVERSION = YES;
				CLANG_WARN_OBJC_ROOT_CLASS = YES_ERROR;
				CLANG_WARN_RANGE_LOOP_ANALYSIS = YES;
				CLANG_WARN_STRICT_PROTOTYPES = YES;
				CLANG_WARN_SUSPICIOUS_MOVE = YES;
				CLANG_WARN_UNGUARDED_AVAILABILITY = YES_AGGRESSIVE;
				CLANG_WARN_UNREACHABLE_CODE = YES;
				CLANG_WARN__DUPLICATE_METHOD_MATCH = YES;
				CODE_SIGN_IDENTITY = "iPhone Developer";
				COPY_PHASE_STRIP = NO;
				DEBUG_INFORMATION_FORMAT = dwarf;
				ENABLE_STRICT_OBJC_MSGSEND = YES;
				ENABLE_TESTABILITY = YES;
				GCC_C_LANGUAGE_STANDARD = gnu11;
				GCC_DYNAMIC_NO_PIC = NO;
				GCC_NO_COMMON_BLOCKS = YES;
				GCC_OPTIMIZATION_LEVEL = 0;
				GCC_PREPROCESSOR_DEFINITIONS = (
					"DEBUG=1",
					"$(inherited)",
				);
				GCC_WARN_64_TO_32_BIT_CONVERSION = YES;
				GCC_WARN_ABOUT_RETURN_TYPE = YES_ERROR;
				GCC_WARN_UNDECLARED_SELECTOR = YES;
				GCC_WARN_UNINITIALIZED_AUTOS = YES_AGGRESSIVE;
				GCC_WARN_UNUSED_FUNCTION = YES;
				GCC_WARN_UNUSED_VARIABLE = YES;
				IPHONEOS_DEPLOYMENT_TARGET = 11.0;
				MTL_ENABLE_DEBUG_INFO = YES;
				ONLY_ACTIVE_ARCH = YES;
				SDKROOT = iphoneos;
				SWIFT_ACTIVE_COMPILATION_CONDITIONS = DEBUG;
				SWIFT_OPTIMIZATION_LEVEL = "-Onone";
			};
			name = Debug;
		};
		9ECD136F1FA900380048FD45 /* Release */ = {
			isa = XCBuildConfiguration;
			buildSettings = {
				ALWAYS_SEARCH_USER_PATHS = NO;
				CLANG_ANALYZER_NONNULL = YES;
				CLANG_ANALYZER_NUMBER_OBJECT_CONVERSION = YES_AGGRESSIVE;
				CLANG_CXX_LANGUAGE_STANDARD = "gnu++14";
				CLANG_CXX_LIBRARY = "libc++";
				CLANG_ENABLE_MODULES = YES;
				CLANG_ENABLE_OBJC_ARC = YES;
				CLANG_WARN_BLOCK_CAPTURE_AUTORELEASING = YES;
				CLANG_WARN_BOOL_CONVERSION = YES;
				CLANG_WARN_COMMA = YES;
				CLANG_WARN_CONSTANT_CONVERSION = YES;
				CLANG_WARN_DIRECT_OBJC_ISA_USAGE = YES_ERROR;
				CLANG_WARN_DOCUMENTATION_COMMENTS = YES;
				CLANG_WARN_EMPTY_BODY = YES;
				CLANG_WARN_ENUM_CONVERSION = YES;
				CLANG_WARN_INFINITE_RECURSION = YES;
				CLANG_WARN_INT_CONVERSION = YES;
				CLANG_WARN_NON_LITERAL_NULL_CONVERSION = YES;
				CLANG_WARN_OBJC_LITERAL_CONVERSION = YES;
				CLANG_WARN_OBJC_ROOT_CLASS = YES_ERROR;
				CLANG_WARN_RANGE_LOOP_ANALYSIS = YES;
				CLANG_WARN_STRICT_PROTOTYPES = YES;
				CLANG_WARN_SUSPICIOUS_MOVE = YES;
				CLANG_WARN_UNGUARDED_AVAILABILITY = YES_AGGRESSIVE;
				CLANG_WARN_UNREACHABLE_CODE = YES;
				CLANG_WARN__DUPLICATE_METHOD_MATCH = YES;
				CODE_SIGN_IDENTITY = "iPhone Developer";
				COPY_PHASE_STRIP = NO;
				DEBUG_INFORMATION_FORMAT = "dwarf-with-dsym";
				ENABLE_NS_ASSERTIONS = NO;
				ENABLE_STRICT_OBJC_MSGSEND = YES;
				GCC_C_LANGUAGE_STANDARD = gnu11;
				GCC_NO_COMMON_BLOCKS = YES;
				GCC_WARN_64_TO_32_BIT_CONVERSION = YES;
				GCC_WARN_ABOUT_RETURN_TYPE = YES_ERROR;
				GCC_WARN_UNDECLARED_SELECTOR = YES;
				GCC_WARN_UNINITIALIZED_AUTOS = YES_AGGRESSIVE;
				GCC_WARN_UNUSED_FUNCTION = YES;
				GCC_WARN_UNUSED_VARIABLE = YES;
				IPHONEOS_DEPLOYMENT_TARGET = 11.0;
				MTL_ENABLE_DEBUG_INFO = NO;
				SDKROOT = iphoneos;
				SWIFT_OPTIMIZATION_LEVEL = "-Owholemodule";
				VALIDATE_PRODUCT = YES;
			};
			name = Release;
		};
		9ECD13711FA900380048FD45 /* Debug */ = {
			isa = XCBuildConfiguration;
			buildSettings = {
				ASSETCATALOG_COMPILER_APPICON_NAME = AppIcon;
				CODE_SIGN_STYLE = Automatic;
				DEVELOPMENT_TEAM = ZELVJRAH4Y;
				INFOPLIST_FILE = iOSLearningSourcesApp/Info.plist;
				LD_RUNPATH_SEARCH_PATHS = "$(inherited) @executable_path/Frameworks";
				PRODUCT_BUNDLE_IDENTIFIER = ownApplicationDevelopment.iOSLearningSourcesApp;
				PRODUCT_NAME = "$(TARGET_NAME)";
				SWIFT_VERSION = 4.0;
				TARGETED_DEVICE_FAMILY = "1,2";
			};
			name = Debug;
		};
		9ECD13721FA900380048FD45 /* Release */ = {
			isa = XCBuildConfiguration;
			buildSettings = {
				ASSETCATALOG_COMPILER_APPICON_NAME = AppIcon;
				CODE_SIGN_STYLE = Automatic;
				DEVELOPMENT_TEAM = ZELVJRAH4Y;
				INFOPLIST_FILE = iOSLearningSourcesApp/Info.plist;
				LD_RUNPATH_SEARCH_PATHS = "$(inherited) @executable_path/Frameworks";
				PRODUCT_BUNDLE_IDENTIFIER = ownApplicationDevelopment.iOSLearningSourcesApp;
				PRODUCT_NAME = "$(TARGET_NAME)";
				SWIFT_VERSION = 4.0;
				TARGETED_DEVICE_FAMILY = "1,2";
			};
			name = Release;
		};
/* End XCBuildConfiguration section */

/* Begin XCConfigurationList section */
		9ECD13591FA900370048FD45 /* Build configuration list for PBXProject "iOSLearningSourcesApp" */ = {
			isa = XCConfigurationList;
			buildConfigurations = (
				9ECD136E1FA900380048FD45 /* Debug */,
				9ECD136F1FA900380048FD45 /* Release */,
			);
			defaultConfigurationIsVisible = 0;
			defaultConfigurationName = Release;
		};
		9ECD13701FA900380048FD45 /* Build configuration list for PBXNativeTarget "iOSLearningSourcesApp" */ = {
			isa = XCConfigurationList;
			buildConfigurations = (
				9ECD13711FA900380048FD45 /* Debug */,
				9ECD13721FA900380048FD45 /* Release */,
			);
			defaultConfigurationIsVisible = 0;
			defaultConfigurationName = Release;
		};
/* End XCConfigurationList section */
	};
	rootObject = 9ECD13561FA900370048FD45 /* Project object */;
}
